<Solution>
  <Project Path="src/Forum.ApiService/Forum.ApiService.csproj" />
  <Project Path="src/Forum.AppHost/Forum.AppHost.csproj" />
  <Project Path="src/Forum.Domain/Forum.Domain.csproj" />
  <Project Path="src/Forum.Infrastructure/Forum.Infrastructure.csproj" />
  <Project Path="src/Forum.ServiceDefaults/Forum.ServiceDefaults.csproj" />
  <Project Path="src/Forum.Web/Forum.Web.csproj" />
</Solution>
